// !$*UTF8*$!
{
	archiveVersion = 1;
	classes = {
	};
	objectVersion = 56;
	objects = {

/* Begin PBXBuildFile section */
		200CA7122AB7EC0C00B49508 /* FontStyles.swift in Sources */ = {isa = PBXBuildFile; fileRef = 200CA7112AB7EC0C00B49508 /* FontStyles.swift */; };
		200CA7222AB81E8400B49508 /* Lato-Black.ttf in Resources */ = {isa = PBXBuildFile; fileRef = 200CA7182AB81E8300B49508 /* Lato-Black.ttf */; };
		200CA7242AB81E8400B49508 /* Lato-Light.ttf in Resources */ = {isa = PBXBuildFile; fileRef = 200CA71A2AB81E8300B49508 /* Lato-Light.ttf */; };
		200CA7262AB81E8400B49508 /* Lato-Thin.ttf in Resources */ = {isa = PBXBuildFile; fileRef = 200CA71C2AB81E8400B49508 /* Lato-Thin.ttf */; };
		200CA72A2AB81E8400B49508 /* Lato-ExtraBold.ttf in Resources */ = {isa = PBXBuildFile; fileRef = 200CA7202AB81E8400B49508 /* Lato-ExtraBold.ttf */; };
		200CA7392AB81E9900B49508 /* Roboto-Medium.ttf in Resources */ = {isa = PBXBuildFile; fileRef = 200CA72C2AB81E9800B49508 /* Roboto-Medium.ttf */; };
		200CA73B2AB81E9900B49508 /* Roboto-Light.ttf in Resources */ = {isa = PBXBuildFile; fileRef = 200CA72E2AB81E9800B49508 /* Roboto-Light.ttf */; };
		200CA73C2AB81E9900B49508 /* Roboto-Bold.ttf in Resources */ = {isa = PBXBuildFile; fileRef = 200CA72F2AB81E9800B49508 /* Roboto-Bold.ttf */; };
		200CA73E2AB81E9900B49508 /* Roboto-Black.ttf in Resources */ = {isa = PBXBuildFile; fileRef = 200CA7312AB81E9800B49508 /* Roboto-Black.ttf */; };
		200CA73F2AB81E9900B49508 /* Roboto-Thin.ttf in Resources */ = {isa = PBXBuildFile; fileRef = 200CA7322AB81E9800B49508 /* Roboto-Thin.ttf */; };
		200CA7442AB81E9900B49508 /* Roboto-Regular.ttf in Resources */ = {isa = PBXBuildFile; fileRef = 200CA7372AB81E9800B49508 /* Roboto-Regular.ttf */; };
		200CA7462AB81EEF00B49508 /* Lato-Regular.ttf in Resources */ = {isa = PBXBuildFile; fileRef = 200CA7452AB81EEF00B49508 /* Lato-Regular.ttf */; };
		200CA74B2AB84A2400B49508 /* HomePageView.swift in Sources */ = {isa = PBXBuildFile; fileRef = 200CA74A2AB84A2400B49508 /* HomePageView.swift */; };
		200CA74D2AB84A5600B49508 /* SummariesView.swift in Sources */ = {isa = PBXBuildFile; fileRef = 200CA74C2AB84A5600B49508 /* SummariesView.swift */; };
		200CA74F2AB84A6B00B49508 /* MoreView.swift in Sources */ = {isa = PBXBuildFile; fileRef = 200CA74E2AB84A6B00B49508 /* MoreView.swift */; };
		200CA7532AB84B8700B49508 /* ReportingView.swift in Sources */ = {isa = PBXBuildFile; fileRef = 200CA7522AB84B8700B49508 /* ReportingView.swift */; };
		200CA7552AB85A3A00B49508 /* NavBar.swift in Sources */ = {isa = PBXBuildFile; fileRef = 200CA7542AB85A3900B49508 /* NavBar.swift */; };
		200CA7572AB8611C00B49508 /* ReportListRow.swift in Sources */ = {isa = PBXBuildFile; fileRef = 200CA7562AB8611C00B49508 /* ReportListRow.swift */; };
		200CA7592AB865CA00B49508 /* ReportListItem.swift in Sources */ = {isa = PBXBuildFile; fileRef = 200CA7582AB865CA00B49508 /* ReportListItem.swift */; };
		200CA75B2AB86B5800B49508 /* ReportingDataService.swift in Sources */ = {isa = PBXBuildFile; fileRef = 200CA75A2AB86B5800B49508 /* ReportingDataService.swift */; };
		200CA75D2AB876F200B49508 /* ReportListRowforNewEntry.swift in Sources */ = {isa = PBXBuildFile; fileRef = 200CA75C2AB876F200B49508 /* ReportListRowforNewEntry.swift */; };
		2050DDCD2ACEFCDE006F46D2 /* ReportedSymptomsContentPage.swift in Sources */ = {isa = PBXBuildFile; fileRef = 2050DDCC2ACEFCDE006F46D2 /* ReportedSymptomsContentPage.swift */; };
		2050DDD42ACEFDFA006F46D2 /* Symptom.swift in Sources */ = {isa = PBXBuildFile; fileRef = 2050DDD32ACEFDFA006F46D2 /* Symptom.swift */; };
		2070537C2AA5C90F00E518B7 /* DatabaseProjectApp.swift in Sources */ = {isa = PBXBuildFile; fileRef = 2070537B2AA5C90F00E518B7 /* DatabaseProjectApp.swift */; };
		2070537E2AA5C90F00E518B7 /* ContentView.swift in Sources */ = {isa = PBXBuildFile; fileRef = 2070537D2AA5C90F00E518B7 /* ContentView.swift */; };
		207053802AA5C91100E518B7 /* Assets.xcassets in Resources */ = {isa = PBXBuildFile; fileRef = 2070537F2AA5C91100E518B7 /* Assets.xcassets */; };
		207053842AA5C91100E518B7 /* Preview Assets.xcassets in Resources */ = {isa = PBXBuildFile; fileRef = 207053832AA5C91100E518B7 /* Preview Assets.xcassets */; };
		209F53FB2AC96B3300421857 /* GeneralEnumerations.swift in Sources */ = {isa = PBXBuildFile; fileRef = 209F53FA2AC96B3300421857 /* GeneralEnumerations.swift */; };
		209F53FD2AC96E0F00421857 /* SetSymptomView.swift in Sources */ = {isa = PBXBuildFile; fileRef = 209F53FC2AC96E0F00421857 /* SetSymptomView.swift */; };
		209F53FF2AC96E4B00421857 /* SetSymptomContentPage.swift in Sources */ = {isa = PBXBuildFile; fileRef = 209F53FE2AC96E4B00421857 /* SetSymptomContentPage.swift */; };
		209F54012AC96E6200421857 /* SetSymptomRatingView.swift in Sources */ = {isa = PBXBuildFile; fileRef = 209F54002AC96E6200421857 /* SetSymptomRatingView.swift */; };
		209F54032ACBEA4E00421857 /* ConfirmCancelButtonPanel.swift in Sources */ = {isa = PBXBuildFile; fileRef = 209F54022ACBEA4E00421857 /* ConfirmCancelButtonPanel.swift */; };
		209F54052ACC1D5000421857 /* ReportedSymptomsView.swift in Sources */ = {isa = PBXBuildFile; fileRef = 209F54042ACC1D5000421857 /* ReportedSymptomsView.swift */; };
		209F54072ACC213700421857 /* ReportedSymptomListRow.swift in Sources */ = {isa = PBXBuildFile; fileRef = 209F54062ACC213700421857 /* ReportedSymptomListRow.swift */; };
		20A44E542AC15424002C726B /* AddorEditSymptomsContentView.swift in Sources */ = {isa = PBXBuildFile; fileRef = 20A44E532AC15424002C726B /* AddorEditSymptomsContentView.swift */; };
		20A44E562AC15488002C726B /* BackandNextButtonPanel.swift in Sources */ = {isa = PBXBuildFile; fileRef = 20A44E552AC15488002C726B /* BackandNextButtonPanel.swift */; };
		20A44E582AC17813002C726B /* ChooseSymptomView.swift in Sources */ = {isa = PBXBuildFile; fileRef = 20A44E572AC17813002C726B /* ChooseSymptomView.swift */; };
		20A44E5A2AC1E4E5002C726B /* SymptomPickerRow.swift in Sources */ = {isa = PBXBuildFile; fileRef = 20A44E592AC1E4E5002C726B /* SymptomPickerRow.swift */; };
		20A44E5E2AC1E558002C726B /* SymptoPicketItem.swift in Sources */ = {isa = PBXBuildFile; fileRef = 20A44E5D2AC1E558002C726B /* SymptoPicketItem.swift */; };
		20C8388C2ACF0DA600BDE91C /* ReportedSymptomswithRecommendationView.swift in Sources */ = {isa = PBXBuildFile; fileRef = 20C8388B2ACF0DA600BDE91C /* ReportedSymptomswithRecommendationView.swift */; };
		20C8388E2ACF0DD100BDE91C /* ReportedSymptomswithRecommendationListRow.swift in Sources */ = {isa = PBXBuildFile; fileRef = 20C8388D2ACF0DD100BDE91C /* ReportedSymptomswithRecommendationListRow.swift */; };
		20C838902ACF0DE400BDE91C /* ReportedSymptomswithRecommendationContentPage.swift in Sources */ = {isa = PBXBuildFile; fileRef = 20C8388F2ACF0DE400BDE91C /* ReportedSymptomswithRecommendationContentPage.swift */; };
		20C838922ACF1A3500BDE91C /* ChooseSymptomComparisonView.swift in Sources */ = {isa = PBXBuildFile; fileRef = 20C838912ACF1A3500BDE91C /* ChooseSymptomComparisonView.swift */; };
		20D3CF132AC0F1160010792D /* FirebaseAnalytics in Frameworks */ = {isa = PBXBuildFile; productRef = 20D3CF122AC0F1160010792D /* FirebaseAnalytics */; };
		20D3CF152AC0F1160010792D /* FirebaseAnalyticsOnDeviceConversion in Frameworks */ = {isa = PBXBuildFile; productRef = 20D3CF142AC0F1160010792D /* FirebaseAnalyticsOnDeviceConversion */; };
		20D3CF172AC0F1160010792D /* FirebaseAnalyticsSwift in Frameworks */ = {isa = PBXBuildFile; productRef = 20D3CF162AC0F1160010792D /* FirebaseAnalyticsSwift */; };
		20D3CF192AC0F1160010792D /* FirebaseAnalyticsWithoutAdIdSupport in Frameworks */ = {isa = PBXBuildFile; productRef = 20D3CF182AC0F1160010792D /* FirebaseAnalyticsWithoutAdIdSupport */; };
		20D3CF1B2AC0F1160010792D /* FirebaseAppCheck in Frameworks */ = {isa = PBXBuildFile; productRef = 20D3CF1A2AC0F1160010792D /* FirebaseAppCheck */; };
		20D3CF1E2AC0F1540010792D /* TopProgressBarView.swift in Sources */ = {isa = PBXBuildFile; fileRef = 20D3CF1D2AC0F1530010792D /* TopProgressBarView.swift */; };
		20D3CF222AC103460010792D /* AddorEditSymptomsLandingPage.swift in Sources */ = {isa = PBXBuildFile; fileRef = 20D3CF212AC103460010792D /* AddorEditSymptomsLandingPage.swift */; };
		20D3CF242AC104020010792D /* SecondaryNavBar.swift in Sources */ = {isa = PBXBuildFile; fileRef = 20D3CF232AC104020010792D /* SecondaryNavBar.swift */; };
		20F07C3C2AA5DB9E001D8815 /* GoogleService-Info.plist in Resources */ = {isa = PBXBuildFile; fileRef = 20F07C3B2AA5DB9E001D8815 /* GoogleService-Info.plist */; };
		20F07C3F2AA5DCC1001D8815 /* FirebaseAnalytics in Frameworks */ = {isa = PBXBuildFile; productRef = 20F07C3E2AA5DCC1001D8815 /* FirebaseAnalytics */; };
		20F07C412AA5DCC1001D8815 /* FirebaseAnalyticsOnDeviceConversion in Frameworks */ = {isa = PBXBuildFile; productRef = 20F07C402AA5DCC1001D8815 /* FirebaseAnalyticsOnDeviceConversion */; };
		20F07C432AA5DCC1001D8815 /* FirebaseAnalyticsSwift in Frameworks */ = {isa = PBXBuildFile; productRef = 20F07C422AA5DCC1001D8815 /* FirebaseAnalyticsSwift */; };
		20F07C452AA5DCC1001D8815 /* FirebaseAnalyticsWithoutAdIdSupport in Frameworks */ = {isa = PBXBuildFile; productRef = 20F07C442AA5DCC1001D8815 /* FirebaseAnalyticsWithoutAdIdSupport */; };
		20F07C472AA5DCC1001D8815 /* FirebaseAppCheck in Frameworks */ = {isa = PBXBuildFile; productRef = 20F07C462AA5DCC1001D8815 /* FirebaseAppCheck */; };
		20F07C492AA5DCC1001D8815 /* FirebaseAppDistribution-Beta in Frameworks */ = {isa = PBXBuildFile; productRef = 20F07C482AA5DCC1001D8815 /* FirebaseAppDistribution-Beta */; };
		DB21720B7386E3C79508CD52 /* Pods_DatabaseProject.framework in Frameworks */ = {isa = PBXBuildFile; fileRef = 3053C516817404506471920B /* Pods_DatabaseProject.framework */; };
/* End PBXBuildFile section */

/* Begin PBXFileReference section */
		200CA7112AB7EC0C00B49508 /* FontStyles.swift */ = {isa = PBXFileReference; lastKnownFileType = sourcecode.swift; path = FontStyles.swift; sourceTree = "<group>"; };
		200CA7182AB81E8300B49508 /* Lato-Black.ttf */ = {isa = PBXFileReference; lastKnownFileType = file; path = "Lato-Black.ttf"; sourceTree = "<group>"; };
		200CA71A2AB81E8300B49508 /* Lato-Light.ttf */ = {isa = PBXFileReference; lastKnownFileType = file; path = "Lato-Light.ttf"; sourceTree = "<group>"; };
		200CA71C2AB81E8400B49508 /* Lato-Thin.ttf */ = {isa = PBXFileReference; lastKnownFileType = file; path = "Lato-Thin.ttf"; sourceTree = "<group>"; };
		200CA7202AB81E8400B49508 /* Lato-ExtraBold.ttf */ = {isa = PBXFileReference; lastKnownFileType = file; path = "Lato-ExtraBold.ttf"; sourceTree = "<group>"; };
		200CA72C2AB81E9800B49508 /* Roboto-Medium.ttf */ = {isa = PBXFileReference; lastKnownFileType = file; path = "Roboto-Medium.ttf"; sourceTree = "<group>"; };
		200CA72E2AB81E9800B49508 /* Roboto-Light.ttf */ = {isa = PBXFileReference; lastKnownFileType = file; path = "Roboto-Light.ttf"; sourceTree = "<group>"; };
		200CA72F2AB81E9800B49508 /* Roboto-Bold.ttf */ = {isa = PBXFileReference; lastKnownFileType = file; path = "Roboto-Bold.ttf"; sourceTree = "<group>"; };
		200CA7312AB81E9800B49508 /* Roboto-Black.ttf */ = {isa = PBXFileReference; lastKnownFileType = file; path = "Roboto-Black.ttf"; sourceTree = "<group>"; };
		200CA7322AB81E9800B49508 /* Roboto-Thin.ttf */ = {isa = PBXFileReference; lastKnownFileType = file; path = "Roboto-Thin.ttf"; sourceTree = "<group>"; };
		200CA7372AB81E9800B49508 /* Roboto-Regular.ttf */ = {isa = PBXFileReference; lastKnownFileType = file; path = "Roboto-Regular.ttf"; sourceTree = "<group>"; };
		200CA7452AB81EEF00B49508 /* Lato-Regular.ttf */ = {isa = PBXFileReference; lastKnownFileType = file; path = "Lato-Regular.ttf"; sourceTree = "<group>"; };
		200CA74A2AB84A2400B49508 /* HomePageView.swift */ = {isa = PBXFileReference; lastKnownFileType = sourcecode.swift; path = HomePageView.swift; sourceTree = "<group>"; };
		200CA74C2AB84A5600B49508 /* SummariesView.swift */ = {isa = PBXFileReference; lastKnownFileType = sourcecode.swift; path = SummariesView.swift; sourceTree = "<group>"; };
		200CA74E2AB84A6B00B49508 /* MoreView.swift */ = {isa = PBXFileReference; lastKnownFileType = sourcecode.swift; path = MoreView.swift; sourceTree = "<group>"; };
		200CA7522AB84B8700B49508 /* ReportingView.swift */ = {isa = PBXFileReference; lastKnownFileType = sourcecode.swift; path = ReportingView.swift; sourceTree = "<group>"; };
		200CA7542AB85A3900B49508 /* NavBar.swift */ = {isa = PBXFileReference; lastKnownFileType = sourcecode.swift; path = NavBar.swift; sourceTree = "<group>"; };
		200CA7562AB8611C00B49508 /* ReportListRow.swift */ = {isa = PBXFileReference; lastKnownFileType = sourcecode.swift; path = ReportListRow.swift; sourceTree = "<group>"; };
		200CA7582AB865CA00B49508 /* ReportListItem.swift */ = {isa = PBXFileReference; lastKnownFileType = sourcecode.swift; path = ReportListItem.swift; sourceTree = "<group>"; };
		200CA75A2AB86B5800B49508 /* ReportingDataService.swift */ = {isa = PBXFileReference; lastKnownFileType = sourcecode.swift; path = ReportingDataService.swift; sourceTree = "<group>"; };
		200CA75C2AB876F200B49508 /* ReportListRowforNewEntry.swift */ = {isa = PBXFileReference; lastKnownFileType = sourcecode.swift; path = ReportListRowforNewEntry.swift; sourceTree = "<group>"; };
		2050DDCC2ACEFCDE006F46D2 /* ReportedSymptomsContentPage.swift */ = {isa = PBXFileReference; lastKnownFileType = sourcecode.swift; path = ReportedSymptomsContentPage.swift; sourceTree = "<group>"; };
		2050DDD32ACEFDFA006F46D2 /* Symptom.swift */ = {isa = PBXFileReference; lastKnownFileType = sourcecode.swift; path = Symptom.swift; sourceTree = "<group>"; };
		207053782AA5C90F00E518B7 /* DatabaseProject.app */ = {isa = PBXFileReference; explicitFileType = wrapper.application; includeInIndex = 0; path = DatabaseProject.app; sourceTree = BUILT_PRODUCTS_DIR; };
		2070537B2AA5C90F00E518B7 /* DatabaseProjectApp.swift */ = {isa = PBXFileReference; lastKnownFileType = sourcecode.swift; path = DatabaseProjectApp.swift; sourceTree = "<group>"; };
		2070537D2AA5C90F00E518B7 /* ContentView.swift */ = {isa = PBXFileReference; lastKnownFileType = sourcecode.swift; path = ContentView.swift; sourceTree = "<group>"; };
		2070537F2AA5C91100E518B7 /* Assets.xcassets */ = {isa = PBXFileReference; lastKnownFileType = folder.assetcatalog; path = Assets.xcassets; sourceTree = "<group>"; };
		207053812AA5C91100E518B7 /* DatabaseProject.entitlements */ = {isa = PBXFileReference; lastKnownFileType = text.plist.entitlements; path = DatabaseProject.entitlements; sourceTree = "<group>"; };
		207053832AA5C91100E518B7 /* Preview Assets.xcassets */ = {isa = PBXFileReference; lastKnownFileType = folder.assetcatalog; path = "Preview Assets.xcassets"; sourceTree = "<group>"; };
		209F53FA2AC96B3300421857 /* GeneralEnumerations.swift */ = {isa = PBXFileReference; lastKnownFileType = sourcecode.swift; path = GeneralEnumerations.swift; sourceTree = "<group>"; };
		209F53FC2AC96E0F00421857 /* SetSymptomView.swift */ = {isa = PBXFileReference; lastKnownFileType = sourcecode.swift; path = SetSymptomView.swift; sourceTree = "<group>"; };
		209F53FE2AC96E4B00421857 /* SetSymptomContentPage.swift */ = {isa = PBXFileReference; lastKnownFileType = sourcecode.swift; path = SetSymptomContentPage.swift; sourceTree = "<group>"; };
		209F54002AC96E6200421857 /* SetSymptomRatingView.swift */ = {isa = PBXFileReference; lastKnownFileType = sourcecode.swift; path = SetSymptomRatingView.swift; sourceTree = "<group>"; };
		209F54022ACBEA4E00421857 /* ConfirmCancelButtonPanel.swift */ = {isa = PBXFileReference; lastKnownFileType = sourcecode.swift; path = ConfirmCancelButtonPanel.swift; sourceTree = "<group>"; };
		209F54042ACC1D5000421857 /* ReportedSymptomsView.swift */ = {isa = PBXFileReference; lastKnownFileType = sourcecode.swift; path = ReportedSymptomsView.swift; sourceTree = "<group>"; };
		209F54062ACC213700421857 /* ReportedSymptomListRow.swift */ = {isa = PBXFileReference; lastKnownFileType = sourcecode.swift; path = ReportedSymptomListRow.swift; sourceTree = "<group>"; };
		20A44E532AC15424002C726B /* AddorEditSymptomsContentView.swift */ = {isa = PBXFileReference; lastKnownFileType = sourcecode.swift; path = AddorEditSymptomsContentView.swift; sourceTree = "<group>"; };
		20A44E552AC15488002C726B /* BackandNextButtonPanel.swift */ = {isa = PBXFileReference; lastKnownFileType = sourcecode.swift; path = BackandNextButtonPanel.swift; sourceTree = "<group>"; };
		20A44E572AC17813002C726B /* ChooseSymptomView.swift */ = {isa = PBXFileReference; lastKnownFileType = sourcecode.swift; path = ChooseSymptomView.swift; sourceTree = "<group>"; };
		20A44E592AC1E4E5002C726B /* SymptomPickerRow.swift */ = {isa = PBXFileReference; lastKnownFileType = sourcecode.swift; path = SymptomPickerRow.swift; sourceTree = "<group>"; };
		20A44E5D2AC1E558002C726B /* SymptoPicketItem.swift */ = {isa = PBXFileReference; lastKnownFileType = sourcecode.swift; path = SymptoPicketItem.swift; sourceTree = "<group>"; };
		20C8388B2ACF0DA600BDE91C /* ReportedSymptomswithRecommendationView.swift */ = {isa = PBXFileReference; lastKnownFileType = sourcecode.swift; path = ReportedSymptomswithRecommendationView.swift; sourceTree = "<group>"; };
		20C8388D2ACF0DD100BDE91C /* ReportedSymptomswithRecommendationListRow.swift */ = {isa = PBXFileReference; lastKnownFileType = sourcecode.swift; path = ReportedSymptomswithRecommendationListRow.swift; sourceTree = "<group>"; };
		20C8388F2ACF0DE400BDE91C /* ReportedSymptomswithRecommendationContentPage.swift */ = {isa = PBXFileReference; lastKnownFileType = sourcecode.swift; path = ReportedSymptomswithRecommendationContentPage.swift; sourceTree = "<group>"; };
		20C838912ACF1A3500BDE91C /* ChooseSymptomComparisonView.swift */ = {isa = PBXFileReference; lastKnownFileType = sourcecode.swift; path = ChooseSymptomComparisonView.swift; sourceTree = "<group>"; };
		20D3CF1D2AC0F1530010792D /* TopProgressBarView.swift */ = {isa = PBXFileReference; lastKnownFileType = sourcecode.swift; path = TopProgressBarView.swift; sourceTree = "<group>"; };
		20D3CF212AC103460010792D /* AddorEditSymptomsLandingPage.swift */ = {isa = PBXFileReference; lastKnownFileType = sourcecode.swift; path = AddorEditSymptomsLandingPage.swift; sourceTree = "<group>"; };
		20D3CF232AC104020010792D /* SecondaryNavBar.swift */ = {isa = PBXFileReference; lastKnownFileType = sourcecode.swift; path = SecondaryNavBar.swift; sourceTree = "<group>"; };
		20F07C3B2AA5DB9E001D8815 /* GoogleService-Info.plist */ = {isa = PBXFileReference; fileEncoding = 4; lastKnownFileType = text.plist.xml; path = "GoogleService-Info.plist"; sourceTree = "<group>"; };
		3053C516817404506471920B /* Pods_DatabaseProject.framework */ = {isa = PBXFileReference; explicitFileType = wrapper.framework; includeInIndex = 0; path = Pods_DatabaseProject.framework; sourceTree = BUILT_PRODUCTS_DIR; };
		A939B71666704167945A88EB /* Pods-DatabaseProject.debug.xcconfig */ = {isa = PBXFileReference; includeInIndex = 1; lastKnownFileType = text.xcconfig; name = "Pods-DatabaseProject.debug.xcconfig"; path = "Target Support Files/Pods-DatabaseProject/Pods-DatabaseProject.debug.xcconfig"; sourceTree = "<group>"; };
		CA329CD53DB0FA51B9FA6AD9 /* Pods-DatabaseProject.release.xcconfig */ = {isa = PBXFileReference; includeInIndex = 1; lastKnownFileType = text.xcconfig; name = "Pods-DatabaseProject.release.xcconfig"; path = "Target Support Files/Pods-DatabaseProject/Pods-DatabaseProject.release.xcconfig"; sourceTree = "<group>"; };
/* End PBXFileReference section */

/* Begin PBXFrameworksBuildPhase section */
		207053752AA5C90F00E518B7 /* Frameworks */ = {
			isa = PBXFrameworksBuildPhase;
			buildActionMask = 2147483647;
			files = (
				20F07C492AA5DCC1001D8815 /* FirebaseAppDistribution-Beta in Frameworks */,
				20F07C432AA5DCC1001D8815 /* FirebaseAnalyticsSwift in Frameworks */,
				20D3CF132AC0F1160010792D /* FirebaseAnalytics in Frameworks */,
				20F07C452AA5DCC1001D8815 /* FirebaseAnalyticsWithoutAdIdSupport in Frameworks */,
				20D3CF1B2AC0F1160010792D /* FirebaseAppCheck in Frameworks */,
				20D3CF192AC0F1160010792D /* FirebaseAnalyticsWithoutAdIdSupport in Frameworks */,
				20D3CF172AC0F1160010792D /* FirebaseAnalyticsSwift in Frameworks */,
				20D3CF152AC0F1160010792D /* FirebaseAnalyticsOnDeviceConversion in Frameworks */,
				20F07C3F2AA5DCC1001D8815 /* FirebaseAnalytics in Frameworks */,
				20F07C412AA5DCC1001D8815 /* FirebaseAnalyticsOnDeviceConversion in Frameworks */,
				20F07C472AA5DCC1001D8815 /* FirebaseAppCheck in Frameworks */,
				DB21720B7386E3C79508CD52 /* Pods_DatabaseProject.framework in Frameworks */,
			);
			runOnlyForDeploymentPostprocessing = 0;
		};
/* End PBXFrameworksBuildPhase section */

/* Begin PBXGroup section */
		200CA7472AB826C500B49508 /* Fonts */ = {
			isa = PBXGroup;
			children = (
				200CA7452AB81EEF00B49508 /* Lato-Regular.ttf */,
				200CA7312AB81E9800B49508 /* Roboto-Black.ttf */,
				200CA72F2AB81E9800B49508 /* Roboto-Bold.ttf */,
				200CA72E2AB81E9800B49508 /* Roboto-Light.ttf */,
				200CA72C2AB81E9800B49508 /* Roboto-Medium.ttf */,
				200CA7372AB81E9800B49508 /* Roboto-Regular.ttf */,
				200CA7322AB81E9800B49508 /* Roboto-Thin.ttf */,
				200CA7182AB81E8300B49508 /* Lato-Black.ttf */,
				200CA7202AB81E8400B49508 /* Lato-ExtraBold.ttf */,
				200CA71A2AB81E8300B49508 /* Lato-Light.ttf */,
				200CA71C2AB81E8400B49508 /* Lato-Thin.ttf */,
			);
			path = Fonts;
			sourceTree = "<group>";
		};
		200CA7482AB847AF00B49508 /* Model */ = {
			isa = PBXGroup;
			children = (
				2050DDCE2ACEFD94006F46D2 /* Symptom */,
				200CA75A2AB86B5800B49508 /* ReportingDataService.swift */,
				209F53FA2AC96B3300421857 /* GeneralEnumerations.swift */,
			);
			path = Model;
			sourceTree = "<group>";
		};
		200CA7492AB847D200B49508 /* View */ = {
			isa = PBXGroup;
			children = (
				20D3CF1F2AC102570010792D /* Reporting */,
				20D3CF1C2AC0F13B0010792D /* General */,
				200CA74A2AB84A2400B49508 /* HomePageView.swift */,
				200CA74C2AB84A5600B49508 /* SummariesView.swift */,
				200CA74E2AB84A6B00B49508 /* MoreView.swift */,
			);
			path = View;
			sourceTree = "<group>";
		};
		2050DDCE2ACEFD94006F46D2 /* Symptom */ = {
			isa = PBXGroup;
			children = (
				2050DDD32ACEFDFA006F46D2 /* Symptom.swift */,
			);
			path = Symptom;
			sourceTree = "<group>";
		};
		2070536F2AA5C90F00E518B7 = {
			isa = PBXGroup;
			children = (
				2070537A2AA5C90F00E518B7 /* DatabaseProject */,
				207053792AA5C90F00E518B7 /* Products */,
				80809AE33D04379CF3CC2260 /* Pods */,
				EB64B9495396A223AB6C001E /* Frameworks */,
			);
			sourceTree = "<group>";
		};
		207053792AA5C90F00E518B7 /* Products */ = {
			isa = PBXGroup;
			children = (
				207053782AA5C90F00E518B7 /* DatabaseProject.app */,
			);
			name = Products;
			sourceTree = "<group>";
		};
		2070537A2AA5C90F00E518B7 /* DatabaseProject */ = {
			isa = PBXGroup;
			children = (
				200CA7492AB847D200B49508 /* View */,
				200CA7482AB847AF00B49508 /* Model */,
				200CA7472AB826C500B49508 /* Fonts */,
				20F07C3B2AA5DB9E001D8815 /* GoogleService-Info.plist */,
				2070537B2AA5C90F00E518B7 /* DatabaseProjectApp.swift */,
				2070537D2AA5C90F00E518B7 /* ContentView.swift */,
				2070537F2AA5C91100E518B7 /* Assets.xcassets */,
				207053812AA5C91100E518B7 /* DatabaseProject.entitlements */,
				207053822AA5C91100E518B7 /* Preview Content */,
				200CA7112AB7EC0C00B49508 /* FontStyles.swift */,
			);
			path = DatabaseProject;
			sourceTree = "<group>";
		};
		207053822AA5C91100E518B7 /* Preview Content */ = {
			isa = PBXGroup;
			children = (
				207053832AA5C91100E518B7 /* Preview Assets.xcassets */,
			);
			path = "Preview Content";
			sourceTree = "<group>";
		};
		20D3CF1C2AC0F13B0010792D /* General */ = {
			isa = PBXGroup;
			children = (
				200CA7542AB85A3900B49508 /* NavBar.swift */,
				20D3CF1D2AC0F1530010792D /* TopProgressBarView.swift */,
				20D3CF232AC104020010792D /* SecondaryNavBar.swift */,
				20A44E552AC15488002C726B /* BackandNextButtonPanel.swift */,
				209F54022ACBEA4E00421857 /* ConfirmCancelButtonPanel.swift */,
			);
			path = General;
			sourceTree = "<group>";
		};
		20D3CF1F2AC102570010792D /* Reporting */ = {
			isa = PBXGroup;
			children = (
				20D3CF202AC102FC0010792D /* Symptoms */,
				200CA7522AB84B8700B49508 /* ReportingView.swift */,
				200CA7562AB8611C00B49508 /* ReportListRow.swift */,
				200CA7582AB865CA00B49508 /* ReportListItem.swift */,
				200CA75C2AB876F200B49508 /* ReportListRowforNewEntry.swift */,
			);
			path = Reporting;
			sourceTree = "<group>";
		};
		20D3CF202AC102FC0010792D /* Symptoms */ = {
			isa = PBXGroup;
			children = (
				20D3CF212AC103460010792D /* AddorEditSymptomsLandingPage.swift */,
				20A44E532AC15424002C726B /* AddorEditSymptomsContentView.swift */,
				20A44E572AC17813002C726B /* ChooseSymptomView.swift */,
				20A44E592AC1E4E5002C726B /* SymptomPickerRow.swift */,
				20A44E5D2AC1E558002C726B /* SymptoPicketItem.swift */,
				209F53FC2AC96E0F00421857 /* SetSymptomView.swift */,
				209F53FE2AC96E4B00421857 /* SetSymptomContentPage.swift */,
				209F54002AC96E6200421857 /* SetSymptomRatingView.swift */,
				209F54042ACC1D5000421857 /* ReportedSymptomsView.swift */,
				209F54062ACC213700421857 /* ReportedSymptomListRow.swift */,
				2050DDCC2ACEFCDE006F46D2 /* ReportedSymptomsContentPage.swift */,
				20C8388B2ACF0DA600BDE91C /* ReportedSymptomswithRecommendationView.swift */,
				20C8388D2ACF0DD100BDE91C /* ReportedSymptomswithRecommendationListRow.swift */,
				20C8388F2ACF0DE400BDE91C /* ReportedSymptomswithRecommendationContentPage.swift */,
				20C838912ACF1A3500BDE91C /* ChooseSymptomComparisonView.swift */,
			);
			path = Symptoms;
			sourceTree = "<group>";
		};
		80809AE33D04379CF3CC2260 /* Pods */ = {
			isa = PBXGroup;
			children = (
				A939B71666704167945A88EB /* Pods-DatabaseProject.debug.xcconfig */,
				CA329CD53DB0FA51B9FA6AD9 /* Pods-DatabaseProject.release.xcconfig */,
			);
			path = Pods;
			sourceTree = "<group>";
		};
		EB64B9495396A223AB6C001E /* Frameworks */ = {
			isa = PBXGroup;
			children = (
				3053C516817404506471920B /* Pods_DatabaseProject.framework */,
			);
			name = Frameworks;
			sourceTree = "<group>";
		};
/* End PBXGroup section */

/* Begin PBXNativeTarget section */
		207053772AA5C90F00E518B7 /* DatabaseProject */ = {
			isa = PBXNativeTarget;
			buildConfigurationList = 207053872AA5C91100E518B7 /* Build configuration list for PBXNativeTarget "DatabaseProject" */;
			buildPhases = (
				B69BF086861EA1DB11EE3627 /* [CP] Check Pods Manifest.lock */,
				207053742AA5C90F00E518B7 /* Sources */,
				207053752AA5C90F00E518B7 /* Frameworks */,
				207053762AA5C90F00E518B7 /* Resources */,
			);
			buildRules = (
			);
			dependencies = (
			);
			name = DatabaseProject;
			packageProductDependencies = (
				20F07C3E2AA5DCC1001D8815 /* FirebaseAnalytics */,
				20F07C402AA5DCC1001D8815 /* FirebaseAnalyticsOnDeviceConversion */,
				20F07C422AA5DCC1001D8815 /* FirebaseAnalyticsSwift */,
				20F07C442AA5DCC1001D8815 /* FirebaseAnalyticsWithoutAdIdSupport */,
				20F07C462AA5DCC1001D8815 /* FirebaseAppCheck */,
				20F07C482AA5DCC1001D8815 /* FirebaseAppDistribution-Beta */,
				20D3CF122AC0F1160010792D /* FirebaseAnalytics */,
				20D3CF142AC0F1160010792D /* FirebaseAnalyticsOnDeviceConversion */,
				20D3CF162AC0F1160010792D /* FirebaseAnalyticsSwift */,
				20D3CF182AC0F1160010792D /* FirebaseAnalyticsWithoutAdIdSupport */,
				20D3CF1A2AC0F1160010792D /* FirebaseAppCheck */,
			);
			productName = DatabaseProject;
			productReference = 207053782AA5C90F00E518B7 /* DatabaseProject.app */;
			productType = "com.apple.product-type.application";
		};
/* End PBXNativeTarget section */

/* Begin PBXProject section */
		207053702AA5C90F00E518B7 /* Project object */ = {
			isa = PBXProject;
			attributes = {
				BuildIndependentTargetsInParallel = 1;
				LastSwiftUpdateCheck = 1430;
				LastUpgradeCheck = 1430;
				TargetAttributes = {
					207053772AA5C90F00E518B7 = {
						CreatedOnToolsVersion = 14.3.1;
					};
				};
			};
			buildConfigurationList = 207053732AA5C90F00E518B7 /* Build configuration list for PBXProject "DatabaseProject" */;
			compatibilityVersion = "Xcode 14.0";
			developmentRegion = en;
			hasScannedForEncodings = 0;
			knownRegions = (
				en,
				Base,
			);
			mainGroup = 2070536F2AA5C90F00E518B7;
			packageReferences = (
				20F07C3D2AA5DCC1001D8815 /* XCRemoteSwiftPackageReference "firebase-ios-sdk" */,
			);
			productRefGroup = 207053792AA5C90F00E518B7 /* Products */;
			projectDirPath = "";
			projectRoot = "";
			targets = (
				207053772AA5C90F00E518B7 /* DatabaseProject */,
			);
		};
/* End PBXProject section */

/* Begin PBXResourcesBuildPhase section */
		207053762AA5C90F00E518B7 /* Resources */ = {
			isa = PBXResourcesBuildPhase;
			buildActionMask = 2147483647;
			files = (
				207053842AA5C91100E518B7 /* Preview Assets.xcassets in Resources */,
				200CA7262AB81E8400B49508 /* Lato-Thin.ttf in Resources */,
				200CA7462AB81EEF00B49508 /* Lato-Regular.ttf in Resources */,
				200CA7392AB81E9900B49508 /* Roboto-Medium.ttf in Resources */,
				200CA73E2AB81E9900B49508 /* Roboto-Black.ttf in Resources */,
				207053802AA5C91100E518B7 /* Assets.xcassets in Resources */,
				200CA7442AB81E9900B49508 /* Roboto-Regular.ttf in Resources */,
				200CA72A2AB81E8400B49508 /* Lato-ExtraBold.ttf in Resources */,
				200CA7222AB81E8400B49508 /* Lato-Black.ttf in Resources */,
				200CA73F2AB81E9900B49508 /* Roboto-Thin.ttf in Resources */,
				200CA73B2AB81E9900B49508 /* Roboto-Light.ttf in Resources */,
				200CA73C2AB81E9900B49508 /* Roboto-Bold.ttf in Resources */,
				20F07C3C2AA5DB9E001D8815 /* GoogleService-Info.plist in Resources */,
				200CA7242AB81E8400B49508 /* Lato-Light.ttf in Resources */,
			);
			runOnlyForDeploymentPostprocessing = 0;
		};
/* End PBXResourcesBuildPhase section */

/* Begin PBXShellScriptBuildPhase section */
		B69BF086861EA1DB11EE3627 /* [CP] Check Pods Manifest.lock */ = {
			isa = PBXShellScriptBuildPhase;
			buildActionMask = 2147483647;
			files = (
			);
			inputFileListPaths = (
			);
			inputPaths = (
				"${PODS_PODFILE_DIR_PATH}/Podfile.lock",
				"${PODS_ROOT}/Manifest.lock",
			);
			name = "[CP] Check Pods Manifest.lock";
			outputFileListPaths = (
			);
			outputPaths = (
				"$(DERIVED_FILE_DIR)/Pods-DatabaseProject-checkManifestLockResult.txt",
			);
			runOnlyForDeploymentPostprocessing = 0;
			shellPath = /bin/sh;
			shellScript = "diff \"${PODS_PODFILE_DIR_PATH}/Podfile.lock\" \"${PODS_ROOT}/Manifest.lock\" > /dev/null\nif [ $? != 0 ] ; then\n    # print error to STDERR\n    echo \"error: The sandbox is not in sync with the Podfile.lock. Run 'pod install' or update your CocoaPods installation.\" >&2\n    exit 1\nfi\n# This output is used by Xcode 'outputs' to avoid re-running this script phase.\necho \"SUCCESS\" > \"${SCRIPT_OUTPUT_FILE_0}\"\n";
			showEnvVarsInLog = 0;
		};
/* End PBXShellScriptBuildPhase section */

/* Begin PBXSourcesBuildPhase section */
		207053742AA5C90F00E518B7 /* Sources */ = {
			isa = PBXSourcesBuildPhase;
			buildActionMask = 2147483647;
			files = (
				20C8388E2ACF0DD100BDE91C /* ReportedSymptomswithRecommendationListRow.swift in Sources */,
				20A44E5E2AC1E558002C726B /* SymptoPicketItem.swift in Sources */,
				20D3CF1E2AC0F1540010792D /* TopProgressBarView.swift in Sources */,
				20A44E5A2AC1E4E5002C726B /* SymptomPickerRow.swift in Sources */,
				2050DDCD2ACEFCDE006F46D2 /* ReportedSymptomsContentPage.swift in Sources */,
				209F53FD2AC96E0F00421857 /* SetSymptomView.swift in Sources */,
				209F54072ACC213700421857 /* ReportedSymptomListRow.swift in Sources */,
				200CA75D2AB876F200B49508 /* ReportListRowforNewEntry.swift in Sources */,
				20C838902ACF0DE400BDE91C /* ReportedSymptomswithRecommendationContentPage.swift in Sources */,
				20A44E542AC15424002C726B /* AddorEditSymptomsContentView.swift in Sources */,
				2070537E2AA5C90F00E518B7 /* ContentView.swift in Sources */,
				200CA75B2AB86B5800B49508 /* ReportingDataService.swift in Sources */,
				20C838922ACF1A3500BDE91C /* ChooseSymptomComparisonView.swift in Sources */,
				20C8388C2ACF0DA600BDE91C /* ReportedSymptomswithRecommendationView.swift in Sources */,
				2050DDD42ACEFDFA006F46D2 /* Symptom.swift in Sources */,
				200CA7572AB8611C00B49508 /* ReportListRow.swift in Sources */,
				200CA7552AB85A3A00B49508 /* NavBar.swift in Sources */,
				209F54012AC96E6200421857 /* SetSymptomRatingView.swift in Sources */,
				200CA7532AB84B8700B49508 /* ReportingView.swift in Sources */,
				20A44E562AC15488002C726B /* BackandNextButtonPanel.swift in Sources */,
				209F54032ACBEA4E00421857 /* ConfirmCancelButtonPanel.swift in Sources */,
				209F53FF2AC96E4B00421857 /* SetSymptomContentPage.swift in Sources */,
				209F53FB2AC96B3300421857 /* GeneralEnumerations.swift in Sources */,
				200CA74F2AB84A6B00B49508 /* MoreView.swift in Sources */,
				2070537C2AA5C90F00E518B7 /* DatabaseProjectApp.swift in Sources */,
				20A44E582AC17813002C726B /* ChooseSymptomView.swift in Sources */,
				200CA7592AB865CA00B49508 /* ReportListItem.swift in Sources */,
				20D3CF242AC104020010792D /* SecondaryNavBar.swift in Sources */,
				200CA74B2AB84A2400B49508 /* HomePageView.swift in Sources */,
				20D3CF222AC103460010792D /* AddorEditSymptomsLandingPage.swift in Sources */,
				209F54052ACC1D5000421857 /* ReportedSymptomsView.swift in Sources */,
				200CA74D2AB84A5600B49508 /* SummariesView.swift in Sources */,
				200CA7122AB7EC0C00B49508 /* FontStyles.swift in Sources */,
			);
			runOnlyForDeploymentPostprocessing = 0;
		};
/* End PBXSourcesBuildPhase section */

/* Begin XCBuildConfiguration section */
		207053852AA5C91100E518B7 /* Debug */ = {
			isa = XCBuildConfiguration;
			buildSettings = {
				ALWAYS_SEARCH_USER_PATHS = NO;
				CLANG_ANALYZER_NONNULL = YES;
				CLANG_ANALYZER_NUMBER_OBJECT_CONVERSION = YES_AGGRESSIVE;
				CLANG_CXX_LANGUAGE_STANDARD = "gnu++20";
				CLANG_ENABLE_MODULES = YES;
				CLANG_ENABLE_OBJC_ARC = YES;
				CLANG_ENABLE_OBJC_WEAK = YES;
				CLANG_WARN_BLOCK_CAPTURE_AUTORELEASING = YES;
				CLANG_WARN_BOOL_CONVERSION = YES;
				CLANG_WARN_COMMA = YES;
				CLANG_WARN_CONSTANT_CONVERSION = YES;
				CLANG_WARN_DEPRECATED_OBJC_IMPLEMENTATIONS = YES;
				CLANG_WARN_DIRECT_OBJC_ISA_USAGE = YES_ERROR;
				CLANG_WARN_DOCUMENTATION_COMMENTS = YES;
				CLANG_WARN_EMPTY_BODY = YES;
				CLANG_WARN_ENUM_CONVERSION = YES;
				CLANG_WARN_INFINITE_RECURSION = YES;
				CLANG_WARN_INT_CONVERSION = YES;
				CLANG_WARN_NON_LITERAL_NULL_CONVERSION = YES;
				CLANG_WARN_OBJC_IMPLICIT_RETAIN_SELF = YES;
				CLANG_WARN_OBJC_LITERAL_CONVERSION = YES;
				CLANG_WARN_OBJC_ROOT_CLASS = YES_ERROR;
				CLANG_WARN_QUOTED_INCLUDE_IN_FRAMEWORK_HEADER = YES;
				CLANG_WARN_RANGE_LOOP_ANALYSIS = YES;
				CLANG_WARN_STRICT_PROTOTYPES = YES;
				CLANG_WARN_SUSPICIOUS_MOVE = YES;
				CLANG_WARN_UNGUARDED_AVAILABILITY = YES_AGGRESSIVE;
				CLANG_WARN_UNREACHABLE_CODE = YES;
				CLANG_WARN__DUPLICATE_METHOD_MATCH = YES;
				COPY_PHASE_STRIP = NO;
				DEBUG_INFORMATION_FORMAT = dwarf;
				ENABLE_STRICT_OBJC_MSGSEND = YES;
				ENABLE_TESTABILITY = YES;
				GCC_C_LANGUAGE_STANDARD = gnu11;
				GCC_DYNAMIC_NO_PIC = NO;
				GCC_NO_COMMON_BLOCKS = YES;
				GCC_OPTIMIZATION_LEVEL = 0;
				GCC_PREPROCESSOR_DEFINITIONS = (
					"DEBUG=1",
					"$(inherited)",
				);
				GCC_WARN_64_TO_32_BIT_CONVERSION = YES;
				GCC_WARN_ABOUT_RETURN_TYPE = YES_ERROR;
				GCC_WARN_UNDECLARED_SELECTOR = YES;
				GCC_WARN_UNINITIALIZED_AUTOS = YES_AGGRESSIVE;
				GCC_WARN_UNUSED_FUNCTION = YES;
				GCC_WARN_UNUSED_VARIABLE = YES;
				MTL_ENABLE_DEBUG_INFO = INCLUDE_SOURCE;
				MTL_FAST_MATH = YES;
				ONLY_ACTIVE_ARCH = YES;
				SWIFT_ACTIVE_COMPILATION_CONDITIONS = DEBUG;
				SWIFT_OPTIMIZATION_LEVEL = "-Onone";
			};
			name = Debug;
		};
		207053862AA5C91100E518B7 /* Release */ = {
			isa = XCBuildConfiguration;
			buildSettings = {
				ALWAYS_SEARCH_USER_PATHS = NO;
				CLANG_ANALYZER_NONNULL = YES;
				CLANG_ANALYZER_NUMBER_OBJECT_CONVERSION = YES_AGGRESSIVE;
				CLANG_CXX_LANGUAGE_STANDARD = "gnu++20";
				CLANG_ENABLE_MODULES = YES;
				CLANG_ENABLE_OBJC_ARC = YES;
				CLANG_ENABLE_OBJC_WEAK = YES;
				CLANG_WARN_BLOCK_CAPTURE_AUTORELEASING = YES;
				CLANG_WARN_BOOL_CONVERSION = YES;
				CLANG_WARN_COMMA = YES;
				CLANG_WARN_CONSTANT_CONVERSION = YES;
				CLANG_WARN_DEPRECATED_OBJC_IMPLEMENTATIONS = YES;
				CLANG_WARN_DIRECT_OBJC_ISA_USAGE = YES_ERROR;
				CLANG_WARN_DOCUMENTATION_COMMENTS = YES;
				CLANG_WARN_EMPTY_BODY = YES;
				CLANG_WARN_ENUM_CONVERSION = YES;
				CLANG_WARN_INFINITE_RECURSION = YES;
				CLANG_WARN_INT_CONVERSION = YES;
				CLANG_WARN_NON_LITERAL_NULL_CONVERSION = YES;
				CLANG_WARN_OBJC_IMPLICIT_RETAIN_SELF = YES;
				CLANG_WARN_OBJC_LITERAL_CONVERSION = YES;
				CLANG_WARN_OBJC_ROOT_CLASS = YES_ERROR;
				CLANG_WARN_QUOTED_INCLUDE_IN_FRAMEWORK_HEADER = YES;
				CLANG_WARN_RANGE_LOOP_ANALYSIS = YES;
				CLANG_WARN_STRICT_PROTOTYPES = YES;
				CLANG_WARN_SUSPICIOUS_MOVE = YES;
				CLANG_WARN_UNGUARDED_AVAILABILITY = YES_AGGRESSIVE;
				CLANG_WARN_UNREACHABLE_CODE = YES;
				CLANG_WARN__DUPLICATE_METHOD_MATCH = YES;
				COPY_PHASE_STRIP = NO;
				DEBUG_INFORMATION_FORMAT = "dwarf-with-dsym";
				ENABLE_NS_ASSERTIONS = NO;
				ENABLE_STRICT_OBJC_MSGSEND = YES;
				GCC_C_LANGUAGE_STANDARD = gnu11;
				GCC_NO_COMMON_BLOCKS = YES;
				GCC_WARN_64_TO_32_BIT_CONVERSION = YES;
				GCC_WARN_ABOUT_RETURN_TYPE = YES_ERROR;
				GCC_WARN_UNDECLARED_SELECTOR = YES;
				GCC_WARN_UNINITIALIZED_AUTOS = YES_AGGRESSIVE;
				GCC_WARN_UNUSED_FUNCTION = YES;
				GCC_WARN_UNUSED_VARIABLE = YES;
				MTL_ENABLE_DEBUG_INFO = NO;
				MTL_FAST_MATH = YES;
				SWIFT_COMPILATION_MODE = wholemodule;
				SWIFT_OPTIMIZATION_LEVEL = "-O";
			};
			name = Release;
		};
		207053882AA5C91100E518B7 /* Debug */ = {
			isa = XCBuildConfiguration;
			baseConfigurationReference = A939B71666704167945A88EB /* Pods-DatabaseProject.debug.xcconfig */;
			buildSettings = {
				ASSETCATALOG_COMPILER_APPICON_NAME = AppIcon;
				ASSETCATALOG_COMPILER_GLOBAL_ACCENT_COLOR_NAME = AccentColor;
				CODE_SIGN_ENTITLEMENTS = DatabaseProject/DatabaseProject.entitlements;
				CODE_SIGN_STYLE = Automatic;
				CURRENT_PROJECT_VERSION = 1;
				DEVELOPMENT_ASSET_PATHS = "\"DatabaseProject/Preview Content\"";
				DEVELOPMENT_TEAM = 7R6N55XXDB;
				ENABLE_HARDENED_RUNTIME = YES;
				ENABLE_PREVIEWS = YES;
				GENERATE_INFOPLIST_FILE = YES;
				"INFOPLIST_KEY_UIApplicationSceneManifest_Generation[sdk=iphoneos*]" = YES;
				"INFOPLIST_KEY_UIApplicationSceneManifest_Generation[sdk=iphonesimulator*]" = YES;
				"INFOPLIST_KEY_UIApplicationSupportsIndirectInputEvents[sdk=iphoneos*]" = YES;
				"INFOPLIST_KEY_UIApplicationSupportsIndirectInputEvents[sdk=iphonesimulator*]" = YES;
				"INFOPLIST_KEY_UILaunchScreen_Generation[sdk=iphoneos*]" = YES;
				"INFOPLIST_KEY_UILaunchScreen_Generation[sdk=iphonesimulator*]" = YES;
				"INFOPLIST_KEY_UIStatusBarStyle[sdk=iphoneos*]" = UIStatusBarStyleDefault;
				"INFOPLIST_KEY_UIStatusBarStyle[sdk=iphonesimulator*]" = UIStatusBarStyleDefault;
				INFOPLIST_KEY_UISupportedInterfaceOrientations_iPad = "UIInterfaceOrientationPortrait UIInterfaceOrientationPortraitUpsideDown UIInterfaceOrientationLandscapeLeft UIInterfaceOrientationLandscapeRight";
				INFOPLIST_KEY_UISupportedInterfaceOrientations_iPhone = "UIInterfaceOrientationPortrait UIInterfaceOrientationLandscapeLeft UIInterfaceOrientationLandscapeRight";
				IPHONEOS_DEPLOYMENT_TARGET = 16.4;
				MACOSX_DEPLOYMENT_TARGET = 13.3;
				MARKETING_VERSION = 1.0;
				PRODUCT_BUNDLE_IDENTIFIER = com.ishitahaque.DatabaseProject;
				PRODUCT_NAME = "$(TARGET_NAME)";
				SDKROOT = auto;
				SUPPORTED_PLATFORMS = "iphoneos iphonesimulator macosx";
				SWIFT_EMIT_LOC_STRINGS = YES;
				SWIFT_VERSION = 5.0;
				TARGETED_DEVICE_FAMILY = "1,2";
			};
			name = Debug;
		};
		207053892AA5C91100E518B7 /* Release */ = {
			isa = XCBuildConfiguration;
			baseConfigurationReference = CA329CD53DB0FA51B9FA6AD9 /* Pods-DatabaseProject.release.xcconfig */;
			buildSettings = {
				ASSETCATALOG_COMPILER_APPICON_NAME = AppIcon;
				ASSETCATALOG_COMPILER_GLOBAL_ACCENT_COLOR_NAME = AccentColor;
				CODE_SIGN_ENTITLEMENTS = DatabaseProject/DatabaseProject.entitlements;
				CODE_SIGN_STYLE = Automatic;
				CURRENT_PROJECT_VERSION = 1;
				DEVELOPMENT_ASSET_PATHS = "\"DatabaseProject/Preview Content\"";
				DEVELOPMENT_TEAM = 7R6N55XXDB;
				ENABLE_HARDENED_RUNTIME = YES;
				ENABLE_PREVIEWS = YES;
				GENERATE_INFOPLIST_FILE = YES;
				"INFOPLIST_KEY_UIApplicationSceneManifest_Generation[sdk=iphoneos*]" = YES;
				"INFOPLIST_KEY_UIApplicationSceneManifest_Generation[sdk=iphonesimulator*]" = YES;
				"INFOPLIST_KEY_UIApplicationSupportsIndirectInputEvents[sdk=iphoneos*]" = YES;
				"INFOPLIST_KEY_UIApplicationSupportsIndirectInputEvents[sdk=iphonesimulator*]" = YES;
				"INFOPLIST_KEY_UILaunchScreen_Generation[sdk=iphoneos*]" = YES;
				"INFOPLIST_KEY_UILaunchScreen_Generation[sdk=iphonesimulator*]" = YES;
				"INFOPLIST_KEY_UIStatusBarStyle[sdk=iphoneos*]" = UIStatusBarStyleDefault;
				"INFOPLIST_KEY_UIStatusBarStyle[sdk=iphonesimulator*]" = UIStatusBarStyleDefault;
				INFOPLIST_KEY_UISupportedInterfaceOrientations_iPad = "UIInterfaceOrientationPortrait UIInterfaceOrientationPortraitUpsideDown UIInterfaceOrientationLandscapeLeft UIInterfaceOrientationLandscapeRight";
				INFOPLIST_KEY_UISupportedInterfaceOrientations_iPhone = "UIInterfaceOrientationPortrait UIInterfaceOrientationLandscapeLeft UIInterfaceOrientationLandscapeRight";
				IPHONEOS_DEPLOYMENT_TARGET = 16.4;
				MACOSX_DEPLOYMENT_TARGET = 13.3;
				MARKETING_VERSION = 1.0;
				PRODUCT_BUNDLE_IDENTIFIER = com.ishitahaque.DatabaseProject;
				PRODUCT_NAME = "$(TARGET_NAME)";
				SDKROOT = auto;
				SUPPORTED_PLATFORMS = "iphoneos iphonesimulator macosx";
				SWIFT_EMIT_LOC_STRINGS = YES;
				SWIFT_VERSION = 5.0;
				TARGETED_DEVICE_FAMILY = "1,2";
			};
			name = Release;
		};
/* End XCBuildConfiguration section */

/* Begin XCConfigurationList section */
		207053732AA5C90F00E518B7 /* Build configuration list for PBXProject "DatabaseProject" */ = {
			isa = XCConfigurationList;
			buildConfigurations = (
				207053852AA5C91100E518B7 /* Debug */,
				207053862AA5C91100E518B7 /* Release */,
			);
			defaultConfigurationIsVisible = 0;
			defaultConfigurationName = Release;
		};
		207053872AA5C91100E518B7 /* Build configuration list for PBXNativeTarget "DatabaseProject" */ = {
			isa = XCConfigurationList;
			buildConfigurations = (
				207053882AA5C91100E518B7 /* Debug */,
				207053892AA5C91100E518B7 /* Release */,
			);
			defaultConfigurationIsVisible = 0;
			defaultConfigurationName = Release;
		};
/* End XCConfigurationList section */

/* Begin XCRemoteSwiftPackageReference section */
		20F07C3D2AA5DCC1001D8815 /* XCRemoteSwiftPackageReference "firebase-ios-sdk" */ = {
			isa = XCRemoteSwiftPackageReference;
			repositoryURL = "https://github.com/firebase/firebase-ios-sdk";
			requirement = {
				kind = upToNextMajorVersion;
				minimumVersion = 10.0.0;
			};
		};
/* End XCRemoteSwiftPackageReference section */

/* Begin XCSwiftPackageProductDependency section */
		20D3CF122AC0F1160010792D /* FirebaseAnalytics */ = {
			isa = XCSwiftPackageProductDependency;
			package = 20F07C3D2AA5DCC1001D8815 /* XCRemoteSwiftPackageReference "firebase-ios-sdk" */;
			productName = FirebaseAnalytics;
		};
		20D3CF142AC0F1160010792D /* FirebaseAnalyticsOnDeviceConversion */ = {
			isa = XCSwiftPackageProductDependency;
			package = 20F07C3D2AA5DCC1001D8815 /* XCRemoteSwiftPackageReference "firebase-ios-sdk" */;
			productName = FirebaseAnalyticsOnDeviceConversion;
		};
		20D3CF162AC0F1160010792D /* FirebaseAnalyticsSwift */ = {
			isa = XCSwiftPackageProductDependency;
			package = 20F07C3D2AA5DCC1001D8815 /* XCRemoteSwiftPackageReference "firebase-ios-sdk" */;
			productName = FirebaseAnalyticsSwift;
		};
		20D3CF182AC0F1160010792D /* FirebaseAnalyticsWithoutAdIdSupport */ = {
			isa = XCSwiftPackageProductDependency;
			package = 20F07C3D2AA5DCC1001D8815 /* XCRemoteSwiftPackageReference "firebase-ios-sdk" */;
			productName = FirebaseAnalyticsWithoutAdIdSupport;
		};
		20D3CF1A2AC0F1160010792D /* FirebaseAppCheck */ = {
			isa = XCSwiftPackageProductDependency;
			package = 20F07C3D2AA5DCC1001D8815 /* XCRemoteSwiftPackageReference "firebase-ios-sdk" */;
			productName = FirebaseAppCheck;
		};
		20F07C3E2AA5DCC1001D8815 /* FirebaseAnalytics */ = {
			isa = XCSwiftPackageProductDependency;
			package = 20F07C3D2AA5DCC1001D8815 /* XCRemoteSwiftPackageReference "firebase-ios-sdk" */;
			productName = FirebaseAnalytics;
		};
		20F07C402AA5DCC1001D8815 /* FirebaseAnalyticsOnDeviceConversion */ = {
			isa = XCSwiftPackageProductDependency;
			package = 20F07C3D2AA5DCC1001D8815 /* XCRemoteSwiftPackageReference "firebase-ios-sdk" */;
			productName = FirebaseAnalyticsOnDeviceConversion;
		};
		20F07C422AA5DCC1001D8815 /* FirebaseAnalyticsSwift */ = {
			isa = XCSwiftPackageProductDependency;
			package = 20F07C3D2AA5DCC1001D8815 /* XCRemoteSwiftPackageReference "firebase-ios-sdk" */;
			productName = FirebaseAnalyticsSwift;
		};
		20F07C442AA5DCC1001D8815 /* FirebaseAnalyticsWithoutAdIdSupport */ = {
			isa = XCSwiftPackageProductDependency;
			package = 20F07C3D2AA5DCC1001D8815 /* XCRemoteSwiftPackageReference "firebase-ios-sdk" */;
			productName = FirebaseAnalyticsWithoutAdIdSupport;
		};
		20F07C462AA5DCC1001D8815 /* FirebaseAppCheck */ = {
			isa = XCSwiftPackageProductDependency;
			package = 20F07C3D2AA5DCC1001D8815 /* XCRemoteSwiftPackageReference "firebase-ios-sdk" */;
			productName = FirebaseAppCheck;
		};
		20F07C482AA5DCC1001D8815 /* FirebaseAppDistribution-Beta */ = {
			isa = XCSwiftPackageProductDependency;
			package = 20F07C3D2AA5DCC1001D8815 /* XCRemoteSwiftPackageReference "firebase-ios-sdk" */;
			productName = "FirebaseAppDistribution-Beta";
		};
/* End XCSwiftPackageProductDependency section */
	};
	rootObject = 207053702AA5C90F00E518B7 /* Project object */;
}
